
Microsoft Visual Studio Solution File, Format Version 12.00
# Visual Studio Version 17
VisualStudioVersion = 17.5.2.0
MinimumVisualStudioVersion = 10.0.40219.1
Project("{2150E333-8FDC-42A3-9474-1A3956D46DE8}") = "classwork", "classwork", "{EF41CFC5-5AE7-4A12-B376-13BE78F40697}"
EndProject
Project("{2150E333-8FDC-42A3-9474-1A3956D46DE8}") = "homework", "homework", "{AE01BE29-F7F8-437B-9F03-1A1079C9F128}"
EndProject
Project("{2150E333-8FDC-42A3-9474-1A3956D46DE8}") = "2025.01", "2025.01", "{1C684D4C-CAE5-4A64-B9FB-06B013CC3F71}"
EndProject
Project("{2150E333-8FDC-42A3-9474-1A3956D46DE8}") = "2025.02", "2025.02", "{CD82D1C2-7F54-46BB-AE77-4B5AAEE3923F}"
EndProject
Project("{FAE04EC0-301F-11D3-BF4B-00C04F79EFBC}") = "03.02 test", "classwork\2025.02\03.02 test\03.02 test.csproj", "{BEB6B011-BF0D-4AEF-BE88-F643165FA513}"
EndProject
Project("{FAE04EC0-301F-11D3-BF4B-00C04F79EFBC}") = "04.02", "classwork\2025.02\04.02\04.02.csproj", "{904EA806-3E53-4497-BFA2-CBE6FA445D92}"
EndProject
Project("{2150E333-8FDC-42A3-9474-1A3956D46DE8}") = "2025.02", "2025.02", "{56CCFA5C-A693-4FF6-A7C4-4989D14315EC}"
EndProject
Project("{FAE04EC0-301F-11D3-BF4B-00C04F79EFBC}") = "14.02 homework", "homework\2025.02\14.02 homework\14.02 homework.csproj", "{C8F94466-DAFE-4853-A2B1-0FD8DFE71E8E}"
EndProject
Project("{FAE04EC0-301F-11D3-BF4B-00C04F79EFBC}") = "16.02 homework", "homework\2025.02\16.02 homework\16.02 homework.csproj", "{491BE6E8-C4E2-4AC1-8E78-9F2A81DBB199}"
EndProject
Project("{FAE04EC0-301F-11D3-BF4B-00C04F79EFBC}") = "20.02 homework", "homework\2025.02\20.02 homework\20.02 homework.csproj", "{E8222553-2B77-40FC-813B-6DDCE313D30E}"
EndProject
Project("{2150E333-8FDC-42A3-9474-1A3956D46DE8}") = "20.02 lab", "20.02 lab", "{EE3F45E3-828F-4BE8-B7FD-9DE05F0FF09C}"
EndProject
Project("{FAE04EC0-301F-11D3-BF4B-00C04F79EFBC}") = "triangle", "homework\2025.02\20.02 lab\triangle\triangle.csproj", "{63847871-1E55-4EF4-B815-47791F3E0D24}"
EndProject
Project("{FAE04EC0-301F-11D3-BF4B-00C04F79EFBC}") = "func", "homework\2025.02\20.02 lab\func\func.csproj", "{5E9F5F15-277C-4D71-9FE8-9D2E9B3B80F1}"
EndProject
Project("{FAE04EC0-301F-11D3-BF4B-00C04F79EFBC}") = "classes 11.02", "classwork\2025.02\11.02\classes 11.02.csproj", "{3091B3CA-893B-472A-828E-B4587F742BD9}"
EndProject
Project("{FAE04EC0-301F-11D3-BF4B-00C04F79EFBC}") = "21.02 homework", "homework\2025.02\21.02 homework\21.02 homework.csproj", "{3504970A-2B22-42B5-8822-3DDCE8D1585A}"
EndProject
Project("{FAE04EC0-301F-11D3-BF4B-00C04F79EFBC}") = "overload", "classwork\2025.02\overload\overload.csproj", "{FB7C496B-5F1B-46E2-ADEB-B2CEA2D4CB88}"
EndProject
Project("{FAE04EC0-301F-11D3-BF4B-00C04F79EFBC}") = "23.02 homework", "homework\2025.02\23.02 homework\23.02 homework.csproj", "{6807C5EB-B95D-4C2A-B559-FE7E7CAFCA7F}"
EndProject
Project("{FAE04EC0-301F-11D3-BF4B-00C04F79EFBC}") = "partial, child classes", "classwork\2025.02\partial\partial, child classes.csproj", "{BA663454-F71D-4EE7-97E3-D28034AAF7F1}"
EndProject
Project("{FAE04EC0-301F-11D3-BF4B-00C04F79EFBC}") = "virtual", "classwork\2025.02\virtual\virtual.csproj", "{13EF9FA2-0ACB-42B6-8018-A1D7BBC3E2EA}"
EndProject
Project("{2150E333-8FDC-42A3-9474-1A3956D46DE8}") = "28.02 homework", "28.02 homework", "{1FB47A0B-C6E9-4F24-A28F-061A29DBA75F}"
EndProject
Project("{FAE04EC0-301F-11D3-BF4B-00C04F79EFBC}") = "main", "homework\2025.02\28.02 homework\main\main.csproj", "{C198E7A5-15D6-46F0-ABE9-49F356639924}"
EndProject
Project("{FAE04EC0-301F-11D3-BF4B-00C04F79EFBC}") = "7 wonders", "homework\2025.02\28.02 homework\7 wonders\7 wonders.csproj", "{6A5CEE79-6BA8-4CBA-A59B-36CE94A345C6}"
EndProject
Project("{FAE04EC0-301F-11D3-BF4B-00C04F79EFBC}") = "cities", "homework\2025.02\28.02 homework\cities\cities.csproj", "{7169B01D-B823-4471-8622-6E045F944191}"
EndProject
Project("{FAE04EC0-301F-11D3-BF4B-00C04F79EFBC}") = "operator overload", "classwork\2025.02\operator overload\operator overload.csproj", "{400CB43C-5FBF-43B9-AF02-BD9641D37985}"
EndProject
Project("{2150E333-8FDC-42A3-9474-1A3956D46DE8}") = "2025.03", "2025.03", "{D74DA034-4424-4B6D-AD9D-1FAAAD2F1540}"
EndProject
Project("{2150E333-8FDC-42A3-9474-1A3956D46DE8}") = "02.03 homework", "02.03 homework", "{7C0AA8DA-B5CD-4DFB-9DF1-A31EDBD3A047}"
EndProject
Project("{FAE04EC0-301F-11D3-BF4B-00C04F79EFBC}") = "1", "homework\2025.03\02.03 homework\1\1.csproj", "{E5527BD9-7DB6-437D-A7C2-7AF1671959A1}"
EndProject
Project("{FAE04EC0-301F-11D3-BF4B-00C04F79EFBC}") = "2", "homework\2025.03\02.03 homework\2\2.csproj", "{1EB67B20-6707-4929-B1F1-C09AF7C15E9B}"
EndProject
Project("{FAE04EC0-301F-11D3-BF4B-00C04F79EFBC}") = "3", "homework\2025.03\02.03 homework\3\3.csproj", "{5CC962FC-47AE-484B-9657-5D81B7320F2B}"
EndProject
Project("{FAE04EC0-301F-11D3-BF4B-00C04F79EFBC}") = "4", "homework\2025.03\02.03 homework\4\4.csproj", "{10704490-E0FA-4686-8B94-9EEB70927AEB}"
EndProject
Global
	GlobalSection(SolutionConfigurationPlatforms) = preSolution
		Debug|Any CPU = Debug|Any CPU
		Release|Any CPU = Release|Any CPU
	EndGlobalSection
	GlobalSection(ProjectConfigurationPlatforms) = postSolution
		{BEB6B011-BF0D-4AEF-BE88-F643165FA513}.Debug|Any CPU.ActiveCfg = Debug|Any CPU
		{BEB6B011-BF0D-4AEF-BE88-F643165FA513}.Debug|Any CPU.Build.0 = Debug|Any CPU
		{BEB6B011-BF0D-4AEF-BE88-F643165FA513}.Release|Any CPU.ActiveCfg = Release|Any CPU
		{BEB6B011-BF0D-4AEF-BE88-F643165FA513}.Release|Any CPU.Build.0 = Release|Any CPU
		{904EA806-3E53-4497-BFA2-CBE6FA445D92}.Debug|Any CPU.ActiveCfg = Debug|Any CPU
		{904EA806-3E53-4497-BFA2-CBE6FA445D92}.Debug|Any CPU.Build.0 = Debug|Any CPU
		{904EA806-3E53-4497-BFA2-CBE6FA445D92}.Release|Any CPU.ActiveCfg = Release|Any CPU
		{904EA806-3E53-4497-BFA2-CBE6FA445D92}.Release|Any CPU.Build.0 = Release|Any CPU
		{C8F94466-DAFE-4853-A2B1-0FD8DFE71E8E}.Debug|Any CPU.ActiveCfg = Debug|Any CPU
		{C8F94466-DAFE-4853-A2B1-0FD8DFE71E8E}.Debug|Any CPU.Build.0 = Debug|Any CPU
		{C8F94466-DAFE-4853-A2B1-0FD8DFE71E8E}.Release|Any CPU.ActiveCfg = Release|Any CPU
		{C8F94466-DAFE-4853-A2B1-0FD8DFE71E8E}.Release|Any CPU.Build.0 = Release|Any CPU
		{491BE6E8-C4E2-4AC1-8E78-9F2A81DBB199}.Debug|Any CPU.ActiveCfg = Debug|Any CPU
		{491BE6E8-C4E2-4AC1-8E78-9F2A81DBB199}.Debug|Any CPU.Build.0 = Debug|Any CPU
		{491BE6E8-C4E2-4AC1-8E78-9F2A81DBB199}.Release|Any CPU.ActiveCfg = Release|Any CPU
		{491BE6E8-C4E2-4AC1-8E78-9F2A81DBB199}.Release|Any CPU.Build.0 = Release|Any CPU
		{E8222553-2B77-40FC-813B-6DDCE313D30E}.Debug|Any CPU.ActiveCfg = Debug|Any CPU
		{E8222553-2B77-40FC-813B-6DDCE313D30E}.Debug|Any CPU.Build.0 = Debug|Any CPU
		{E8222553-2B77-40FC-813B-6DDCE313D30E}.Release|Any CPU.ActiveCfg = Release|Any CPU
		{E8222553-2B77-40FC-813B-6DDCE313D30E}.Release|Any CPU.Build.0 = Release|Any CPU
		{63847871-1E55-4EF4-B815-47791F3E0D24}.Debug|Any CPU.ActiveCfg = Debug|Any CPU
		{63847871-1E55-4EF4-B815-47791F3E0D24}.Debug|Any CPU.Build.0 = Debug|Any CPU
		{63847871-1E55-4EF4-B815-47791F3E0D24}.Release|Any CPU.ActiveCfg = Release|Any CPU
		{63847871-1E55-4EF4-B815-47791F3E0D24}.Release|Any CPU.Build.0 = Release|Any CPU
		{5E9F5F15-277C-4D71-9FE8-9D2E9B3B80F1}.Debug|Any CPU.ActiveCfg = Debug|Any CPU
		{5E9F5F15-277C-4D71-9FE8-9D2E9B3B80F1}.Debug|Any CPU.Build.0 = Debug|Any CPU
		{5E9F5F15-277C-4D71-9FE8-9D2E9B3B80F1}.Release|Any CPU.ActiveCfg = Release|Any CPU
		{5E9F5F15-277C-4D71-9FE8-9D2E9B3B80F1}.Release|Any CPU.Build.0 = Release|Any CPU
		{3091B3CA-893B-472A-828E-B4587F742BD9}.Debug|Any CPU.ActiveCfg = Debug|Any CPU
		{3091B3CA-893B-472A-828E-B4587F742BD9}.Debug|Any CPU.Build.0 = Debug|Any CPU
		{3091B3CA-893B-472A-828E-B4587F742BD9}.Release|Any CPU.ActiveCfg = Release|Any CPU
		{3091B3CA-893B-472A-828E-B4587F742BD9}.Release|Any CPU.Build.0 = Release|Any CPU
		{3504970A-2B22-42B5-8822-3DDCE8D1585A}.Debug|Any CPU.ActiveCfg = Debug|Any CPU
		{3504970A-2B22-42B5-8822-3DDCE8D1585A}.Debug|Any CPU.Build.0 = Debug|Any CPU
		{3504970A-2B22-42B5-8822-3DDCE8D1585A}.Release|Any CPU.ActiveCfg = Release|Any CPU
		{3504970A-2B22-42B5-8822-3DDCE8D1585A}.Release|Any CPU.Build.0 = Release|Any CPU
		{FB7C496B-5F1B-46E2-ADEB-B2CEA2D4CB88}.Debug|Any CPU.ActiveCfg = Debug|Any CPU
		{FB7C496B-5F1B-46E2-ADEB-B2CEA2D4CB88}.Debug|Any CPU.Build.0 = Debug|Any CPU
		{FB7C496B-5F1B-46E2-ADEB-B2CEA2D4CB88}.Release|Any CPU.ActiveCfg = Release|Any CPU
		{FB7C496B-5F1B-46E2-ADEB-B2CEA2D4CB88}.Release|Any CPU.Build.0 = Release|Any CPU
		{6807C5EB-B95D-4C2A-B559-FE7E7CAFCA7F}.Debug|Any CPU.ActiveCfg = Debug|Any CPU
		{6807C5EB-B95D-4C2A-B559-FE7E7CAFCA7F}.Debug|Any CPU.Build.0 = Debug|Any CPU
		{6807C5EB-B95D-4C2A-B559-FE7E7CAFCA7F}.Release|Any CPU.ActiveCfg = Release|Any CPU
		{6807C5EB-B95D-4C2A-B559-FE7E7CAFCA7F}.Release|Any CPU.Build.0 = Release|Any CPU
		{BA663454-F71D-4EE7-97E3-D28034AAF7F1}.Debug|Any CPU.ActiveCfg = Debug|Any CPU
		{BA663454-F71D-4EE7-97E3-D28034AAF7F1}.Debug|Any CPU.Build.0 = Debug|Any CPU
		{BA663454-F71D-4EE7-97E3-D28034AAF7F1}.Release|Any CPU.ActiveCfg = Release|Any CPU
		{BA663454-F71D-4EE7-97E3-D28034AAF7F1}.Release|Any CPU.Build.0 = Release|Any CPU
		{13EF9FA2-0ACB-42B6-8018-A1D7BBC3E2EA}.Debug|Any CPU.ActiveCfg = Debug|Any CPU
		{13EF9FA2-0ACB-42B6-8018-A1D7BBC3E2EA}.Debug|Any CPU.Build.0 = Debug|Any CPU
		{13EF9FA2-0ACB-42B6-8018-A1D7BBC3E2EA}.Release|Any CPU.ActiveCfg = Release|Any CPU
		{13EF9FA2-0ACB-42B6-8018-A1D7BBC3E2EA}.Release|Any CPU.Build.0 = Release|Any CPU
		{C198E7A5-15D6-46F0-ABE9-49F356639924}.Debug|Any CPU.ActiveCfg = Debug|Any CPU
		{C198E7A5-15D6-46F0-ABE9-49F356639924}.Debug|Any CPU.Build.0 = Debug|Any CPU
		{C198E7A5-15D6-46F0-ABE9-49F356639924}.Release|Any CPU.ActiveCfg = Release|Any CPU
		{C198E7A5-15D6-46F0-ABE9-49F356639924}.Release|Any CPU.Build.0 = Release|Any CPU
		{6A5CEE79-6BA8-4CBA-A59B-36CE94A345C6}.Debug|Any CPU.ActiveCfg = Debug|Any CPU
		{6A5CEE79-6BA8-4CBA-A59B-36CE94A345C6}.Debug|Any CPU.Build.0 = Debug|Any CPU
		{6A5CEE79-6BA8-4CBA-A59B-36CE94A345C6}.Release|Any CPU.ActiveCfg = Release|Any CPU
		{6A5CEE79-6BA8-4CBA-A59B-36CE94A345C6}.Release|Any CPU.Build.0 = Release|Any CPU
		{7169B01D-B823-4471-8622-6E045F944191}.Debug|Any CPU.ActiveCfg = Debug|Any CPU
		{7169B01D-B823-4471-8622-6E045F944191}.Debug|Any CPU.Build.0 = Debug|Any CPU
		{7169B01D-B823-4471-8622-6E045F944191}.Release|Any CPU.ActiveCfg = Release|Any CPU
		{7169B01D-B823-4471-8622-6E045F944191}.Release|Any CPU.Build.0 = Release|Any CPU
		{400CB43C-5FBF-43B9-AF02-BD9641D37985}.Debug|Any CPU.ActiveCfg = Debug|Any CPU
		{400CB43C-5FBF-43B9-AF02-BD9641D37985}.Debug|Any CPU.Build.0 = Debug|Any CPU
		{400CB43C-5FBF-43B9-AF02-BD9641D37985}.Release|Any CPU.ActiveCfg = Release|Any CPU
		{400CB43C-5FBF-43B9-AF02-BD9641D37985}.Release|Any CPU.Build.0 = Release|Any CPU
		{E5527BD9-7DB6-437D-A7C2-7AF1671959A1}.Debug|Any CPU.ActiveCfg = Debug|Any CPU
		{E5527BD9-7DB6-437D-A7C2-7AF1671959A1}.Debug|Any CPU.Build.0 = Debug|Any CPU
		{E5527BD9-7DB6-437D-A7C2-7AF1671959A1}.Release|Any CPU.ActiveCfg = Release|Any CPU
		{E5527BD9-7DB6-437D-A7C2-7AF1671959A1}.Release|Any CPU.Build.0 = Release|Any CPU
		{1EB67B20-6707-4929-B1F1-C09AF7C15E9B}.Debug|Any CPU.ActiveCfg = Debug|Any CPU
		{1EB67B20-6707-4929-B1F1-C09AF7C15E9B}.Debug|Any CPU.Build.0 = Debug|Any CPU
		{1EB67B20-6707-4929-B1F1-C09AF7C15E9B}.Release|Any CPU.ActiveCfg = Release|Any CPU
		{1EB67B20-6707-4929-B1F1-C09AF7C15E9B}.Release|Any CPU.Build.0 = Release|Any CPU
		{5CC962FC-47AE-484B-9657-5D81B7320F2B}.Debug|Any CPU.ActiveCfg = Debug|Any CPU
		{5CC962FC-47AE-484B-9657-5D81B7320F2B}.Debug|Any CPU.Build.0 = Debug|Any CPU
		{5CC962FC-47AE-484B-9657-5D81B7320F2B}.Release|Any CPU.ActiveCfg = Release|Any CPU
		{5CC962FC-47AE-484B-9657-5D81B7320F2B}.Release|Any CPU.Build.0 = Release|Any CPU
		{10704490-E0FA-4686-8B94-9EEB70927AEB}.Debug|Any CPU.ActiveCfg = Debug|Any CPU
		{10704490-E0FA-4686-8B94-9EEB70927AEB}.Debug|Any CPU.Build.0 = Debug|Any CPU
		{10704490-E0FA-4686-8B94-9EEB70927AEB}.Release|Any CPU.ActiveCfg = Release|Any CPU
		{10704490-E0FA-4686-8B94-9EEB70927AEB}.Release|Any CPU.Build.0 = Release|Any CPU
	EndGlobalSection
	GlobalSection(SolutionProperties) = preSolution
		HideSolutionNode = FALSE
	EndGlobalSection
	GlobalSection(NestedProjects) = preSolution
		{1C684D4C-CAE5-4A64-B9FB-06B013CC3F71} = {AE01BE29-F7F8-437B-9F03-1A1079C9F128}
		{CD82D1C2-7F54-46BB-AE77-4B5AAEE3923F} = {EF41CFC5-5AE7-4A12-B376-13BE78F40697}
		{BEB6B011-BF0D-4AEF-BE88-F643165FA513} = {CD82D1C2-7F54-46BB-AE77-4B5AAEE3923F}
		{904EA806-3E53-4497-BFA2-CBE6FA445D92} = {CD82D1C2-7F54-46BB-AE77-4B5AAEE3923F}
		{56CCFA5C-A693-4FF6-A7C4-4989D14315EC} = {AE01BE29-F7F8-437B-9F03-1A1079C9F128}
		{C8F94466-DAFE-4853-A2B1-0FD8DFE71E8E} = {56CCFA5C-A693-4FF6-A7C4-4989D14315EC}
		{491BE6E8-C4E2-4AC1-8E78-9F2A81DBB199} = {56CCFA5C-A693-4FF6-A7C4-4989D14315EC}
		{E8222553-2B77-40FC-813B-6DDCE313D30E} = {56CCFA5C-A693-4FF6-A7C4-4989D14315EC}
		{EE3F45E3-828F-4BE8-B7FD-9DE05F0FF09C} = {56CCFA5C-A693-4FF6-A7C4-4989D14315EC}
		{63847871-1E55-4EF4-B815-47791F3E0D24} = {EE3F45E3-828F-4BE8-B7FD-9DE05F0FF09C}
		{5E9F5F15-277C-4D71-9FE8-9D2E9B3B80F1} = {EE3F45E3-828F-4BE8-B7FD-9DE05F0FF09C}
		{3091B3CA-893B-472A-828E-B4587F742BD9} = {CD82D1C2-7F54-46BB-AE77-4B5AAEE3923F}
		{3504970A-2B22-42B5-8822-3DDCE8D1585A} = {56CCFA5C-A693-4FF6-A7C4-4989D14315EC}
		{FB7C496B-5F1B-46E2-ADEB-B2CEA2D4CB88} = {CD82D1C2-7F54-46BB-AE77-4B5AAEE3923F}
		{6807C5EB-B95D-4C2A-B559-FE7E7CAFCA7F} = {56CCFA5C-A693-4FF6-A7C4-4989D14315EC}
		{BA663454-F71D-4EE7-97E3-D28034AAF7F1} = {CD82D1C2-7F54-46BB-AE77-4B5AAEE3923F}
		{13EF9FA2-0ACB-42B6-8018-A1D7BBC3E2EA} = {CD82D1C2-7F54-46BB-AE77-4B5AAEE3923F}
		{1FB47A0B-C6E9-4F24-A28F-061A29DBA75F} = {56CCFA5C-A693-4FF6-A7C4-4989D14315EC}
		{C198E7A5-15D6-46F0-ABE9-49F356639924} = {1FB47A0B-C6E9-4F24-A28F-061A29DBA75F}
		{6A5CEE79-6BA8-4CBA-A59B-36CE94A345C6} = {1FB47A0B-C6E9-4F24-A28F-061A29DBA75F}
		{7169B01D-B823-4471-8622-6E045F944191} = {1FB47A0B-C6E9-4F24-A28F-061A29DBA75F}
		{400CB43C-5FBF-43B9-AF02-BD9641D37985} = {CD82D1C2-7F54-46BB-AE77-4B5AAEE3923F}
		{D74DA034-4424-4B6D-AD9D-1FAAAD2F1540} = {AE01BE29-F7F8-437B-9F03-1A1079C9F128}
		{7C0AA8DA-B5CD-4DFB-9DF1-A31EDBD3A047} = {D74DA034-4424-4B6D-AD9D-1FAAAD2F1540}
		{E5527BD9-7DB6-437D-A7C2-7AF1671959A1} = {7C0AA8DA-B5CD-4DFB-9DF1-A31EDBD3A047}
		{1EB67B20-6707-4929-B1F1-C09AF7C15E9B} = {7C0AA8DA-B5CD-4DFB-9DF1-A31EDBD3A047}
		{5CC962FC-47AE-484B-9657-5D81B7320F2B} = {7C0AA8DA-B5CD-4DFB-9DF1-A31EDBD3A047}
		{10704490-E0FA-4686-8B94-9EEB70927AEB} = {7C0AA8DA-B5CD-4DFB-9DF1-A31EDBD3A047}
	EndGlobalSection
	GlobalSection(ExtensibilityGlobals) = postSolution
		SolutionGuid = {15A670E3-D554-4E35-B725-E502ADC40A99}
	EndGlobalSection
EndGlobal
