
Microsoft Visual Studio Solution File, Format Version 12.00
# Visual Studio Version 17
VisualStudioVersion = 17.5.2.0
MinimumVisualStudioVersion = 10.0.40219.1
Project("{2150E333-8FDC-42A3-9474-1A3956D46DE8}") = "classwork", "classwork", "{EF41CFC5-5AE7-4A12-B376-13BE78F40697}"
EndProject
Project("{2150E333-8FDC-42A3-9474-1A3956D46DE8}") = "homework", "homework", "{AE01BE29-F7F8-437B-9F03-1A1079C9F128}"
EndProject
Project("{2150E333-8FDC-42A3-9474-1A3956D46DE8}") = "2025.01", "2025.01", "{1C684D4C-CAE5-4A64-B9FB-06B013CC3F71}"
EndProject
Project("{2150E333-8FDC-42A3-9474-1A3956D46DE8}") = "2025.02", "2025.02", "{CD82D1C2-7F54-46BB-AE77-4B5AAEE3923F}"
EndProject
Project("{FAE04EC0-301F-11D3-BF4B-00C04F79EFBC}") = "03.02 test", "classwork\2025.02\03.02 test\03.02 test.csproj", "{BEB6B011-BF0D-4AEF-BE88-F643165FA513}"
EndProject
Project("{FAE04EC0-301F-11D3-BF4B-00C04F79EFBC}") = "04.02", "classwork\2025.02\04.02\04.02.csproj", "{904EA806-3E53-4497-BFA2-CBE6FA445D92}"
EndProject
Project("{2150E333-8FDC-42A3-9474-1A3956D46DE8}") = "2025.02", "2025.02", "{56CCFA5C-A693-4FF6-A7C4-4989D14315EC}"
EndProject
Project("{FAE04EC0-301F-11D3-BF4B-00C04F79EFBC}") = "14.02 homework", "homework\2025.02\14.02 homework\14.02 homework.csproj", "{C8F94466-DAFE-4853-A2B1-0FD8DFE71E8E}"
EndProject
Project("{FAE04EC0-301F-11D3-BF4B-00C04F79EFBC}") = "16.02 homework", "homework\2025.02\16.02 homework\16.02 homework.csproj", "{491BE6E8-C4E2-4AC1-8E78-9F2A81DBB199}"
EndProject
Project("{FAE04EC0-301F-11D3-BF4B-00C04F79EFBC}") = "20.02 homework", "homework\2025.02\20.02 homework\20.02 homework.csproj", "{E8222553-2B77-40FC-813B-6DDCE313D30E}"
EndProject
Project("{2150E333-8FDC-42A3-9474-1A3956D46DE8}") = "20.02 lab", "20.02 lab", "{EE3F45E3-828F-4BE8-B7FD-9DE05F0FF09C}"
EndProject
Project("{FAE04EC0-301F-11D3-BF4B-00C04F79EFBC}") = "triangle", "homework\2025.02\20.02 lab\triangle\triangle.csproj", "{63847871-1E55-4EF4-B815-47791F3E0D24}"
EndProject
Project("{FAE04EC0-301F-11D3-BF4B-00C04F79EFBC}") = "func", "homework\2025.02\20.02 lab\func\func.csproj", "{5E9F5F15-277C-4D71-9FE8-9D2E9B3B80F1}"
EndProject
Project("{FAE04EC0-301F-11D3-BF4B-00C04F79EFBC}") = "classes 11.02", "classwork\2025.02\11.02\classes 11.02.csproj", "{3091B3CA-893B-472A-828E-B4587F742BD9}"
EndProject
Project("{FAE04EC0-301F-11D3-BF4B-00C04F79EFBC}") = "21.02 homework", "homework\2025.02\21.02 homework\21.02 homework.csproj", "{3504970A-2B22-42B5-8822-3DDCE8D1585A}"
EndProject
Project("{FAE04EC0-301F-11D3-BF4B-00C04F79EFBC}") = "overload", "classwork\2025.02\overload\overload.csproj", "{FB7C496B-5F1B-46E2-ADEB-B2CEA2D4CB88}"
EndProject
Project("{FAE04EC0-301F-11D3-BF4B-00C04F79EFBC}") = "23.02 homework", "homework\2025.02\23.02 homework\23.02 homework.csproj", "{6807C5EB-B95D-4C2A-B559-FE7E7CAFCA7F}"
EndProject
Project("{FAE04EC0-301F-11D3-BF4B-00C04F79EFBC}") = "partial, child classes", "classwork\2025.02\partial\partial, child classes.csproj", "{BA663454-F71D-4EE7-97E3-D28034AAF7F1}"
EndProject
Project("{FAE04EC0-301F-11D3-BF4B-00C04F79EFBC}") = "virtual", "classwork\2025.02\virtual\virtual.csproj", "{13EF9FA2-0ACB-42B6-8018-A1D7BBC3E2EA}"
EndProject
Project("{2150E333-8FDC-42A3-9474-1A3956D46DE8}") = "28.02 homework", "28.02 homework", "{1FB47A0B-C6E9-4F24-A28F-061A29DBA75F}"
EndProject
Project("{FAE04EC0-301F-11D3-BF4B-00C04F79EFBC}") = "main", "homework\2025.02\28.02 homework\main\main.csproj", "{C198E7A5-15D6-46F0-ABE9-49F356639924}"
EndProject
Project("{FAE04EC0-301F-11D3-BF4B-00C04F79EFBC}") = "7 wonders", "homework\2025.02\28.02 homework\7 wonders\7 wonders.csproj", "{6A5CEE79-6BA8-4CBA-A59B-36CE94A345C6}"
EndProject
Project("{FAE04EC0-301F-11D3-BF4B-00C04F79EFBC}") = "cities", "homework\2025.02\28.02 homework\cities\cities.csproj", "{7169B01D-B823-4471-8622-6E045F944191}"
EndProject
Project("{FAE04EC0-301F-11D3-BF4B-00C04F79EFBC}") = "operator overload", "classwork\2025.02\operator overload\operator overload.csproj", "{400CB43C-5FBF-43B9-AF02-BD9641D37985}"
EndProject
Project("{2150E333-8FDC-42A3-9474-1A3956D46DE8}") = "2025.03", "2025.03", "{D74DA034-4424-4B6D-AD9D-1FAAAD2F1540}"
EndProject
Project("{2150E333-8FDC-42A3-9474-1A3956D46DE8}") = "02.03 homework", "02.03 homework", "{7C0AA8DA-B5CD-4DFB-9DF1-A31EDBD3A047}"
EndProject
Project("{FAE04EC0-301F-11D3-BF4B-00C04F79EFBC}") = "1", "homework\2025.03\02.03 homework\1\1.csproj", "{E5527BD9-7DB6-437D-A7C2-7AF1671959A1}"
EndProject
Project("{FAE04EC0-301F-11D3-BF4B-00C04F79EFBC}") = "2", "homework\2025.03\02.03 homework\2\2.csproj", "{1EB67B20-6707-4929-B1F1-C09AF7C15E9B}"
EndProject
Project("{FAE04EC0-301F-11D3-BF4B-00C04F79EFBC}") = "3", "homework\2025.03\02.03 homework\3\3.csproj", "{5CC962FC-47AE-484B-9657-5D81B7320F2B}"
EndProject
Project("{FAE04EC0-301F-11D3-BF4B-00C04F79EFBC}") = "4", "homework\2025.03\02.03 homework\4\4.csproj", "{10704490-E0FA-4686-8B94-9EEB70927AEB}"
EndProject
Project("{FAE04EC0-301F-11D3-BF4B-00C04F79EFBC}") = "exceptions", "classwork\2025.02\exceptions\exceptions.csproj", "{B06A582E-5532-4E9C-95B7-928348F2D092}"
EndProject
Project("{FAE04EC0-301F-11D3-BF4B-00C04F79EFBC}") = "string", "classwork\2025.02\string\string.csproj", "{19FCEE23-2EC8-4590-9372-C6A4E104BD3C}"
EndProject
Project("{FAE04EC0-301F-11D3-BF4B-00C04F79EFBC}") = "07.03", "homework\2025.03\07.03\07.03.csproj", "{07F85DA3-C8A5-49FD-A3C9-4D9FFD14EAB5}"
EndProject
Project("{FAE04EC0-301F-11D3-BF4B-00C04F79EFBC}") = "26.02 classwork", "classwork\2025.02\26.02 classwork\26.02 classwork.csproj", "{0D741940-2D7E-48F4-864A-6CFEF0780CE9}"
EndProject
Project("{FAE04EC0-301F-11D3-BF4B-00C04F79EFBC}") = "collections", "classwork\2025.02\collections\collections.csproj", "{9F9A3D75-61E4-41EE-ADE8-54213B04BECF}"
EndProject
Project("{FAE04EC0-301F-11D3-BF4B-00C04F79EFBC}") = "interface", "classwork\2025.02\interface\interface.csproj", "{FD0344CA-DCD1-4A0C-BDB0-F2E9218D40C2}"
EndProject
Project("{FAE04EC0-301F-11D3-BF4B-00C04F79EFBC}") = "10.03 homework", "homework\2025.03\10.03 homework\10.03 homework.csproj", "{27198DB7-C25E-482C-98B1-8F5544084116}"
EndProject
Project("{FAE04EC0-301F-11D3-BF4B-00C04F79EFBC}") = "03.03 homework", "homework\2025.03\03.03 homework\03.03 homework.csproj", "{110685F1-BC49-465A-A5BD-EA905F73AA50}"
EndProject
Project("{2150E333-8FDC-42A3-9474-1A3956D46DE8}") = "2025.03", "2025.03", "{05473A3D-0CC0-4E01-9B4D-0CD9F0A89F63}"
EndProject
Project("{FAE04EC0-301F-11D3-BF4B-00C04F79EFBC}") = "anonymous types", "classwork\2025.03\anonymous types\anonymous types.csproj", "{E3A1F590-4168-4E33-9CB5-0C5A3860696E}"
EndProject
Project("{FAE04EC0-301F-11D3-BF4B-00C04F79EFBC}") = "collections", "classwork\2025.03\collections\collections.csproj", "{16FF64DF-9740-4A8D-A075-35E9001A4D57}"
EndProject
Project("{FAE04EC0-301F-11D3-BF4B-00C04F79EFBC}") = "14.03 homework", "homework\2025.03\14.03 homework\14.03 homework.csproj", "{74923934-AB44-477B-AC6C-43267C97D2CF}"
EndProject
Project("{FAE04EC0-301F-11D3-BF4B-00C04F79EFBC}") = "camel 04.03 homework", "homework\2025.03\camel 04.03 homework\camel 04.03 homework.csproj", "{6D5EF9C4-600D-4ACA-8E22-CEB386741EAF}"
EndProject
Project("{FAE04EC0-301F-11D3-BF4B-00C04F79EFBC}") = "collection generic", "classwork\2025.03\collection generic\collection generic.csproj", "{7809A8B7-8806-49E6-8219-0F4A6047E57F}"
EndProject
Project("{FAE04EC0-301F-11D3-BF4B-00C04F79EFBC}") = "15.03 homework", "homework\2025.03\15.03 homework\15.03 homework.csproj", "{36D205E4-ABA8-453C-92EE-DA64283EAF89}"
EndProject
Project("{FAE04EC0-301F-11D3-BF4B-00C04F79EFBC}") = "template class", "classwork\2025.03\template class\template class.csproj", "{617C4964-8B69-4CE1-A34A-48532C5D927F}"
EndProject
Project("{FAE04EC0-301F-11D3-BF4B-00C04F79EFBC}") = "delegates", "classwork\2025.03\delegates\delegates.csproj", "{F8F898C0-7BF6-4172-8DBC-6FC8EAD80EA2}"
EndProject
Project("{FAE04EC0-301F-11D3-BF4B-00C04F79EFBC}") = "21.03 homework", "homework\2025.03\21.03 homework\21.03 homework.csproj", "{CD5E37B6-3286-4239-8221-E326406AC858}"
EndProject
Project("{FAE04EC0-301F-11D3-BF4B-00C04F79EFBC}") = "actions, anonDelegate, lambda", "classwork\2025.03\actions\actions, anonDelegate, lambda.csproj", "{1E6814FA-0326-47CE-BE72-D834EF37EC6B}"
EndProject
Project("{FAE04EC0-301F-11D3-BF4B-00C04F79EFBC}") = "17.03 homework", "homework\2025.03\17.03 homework\17.03 homework.csproj", "{4A84BC4C-EDC2-4C71-9479-E1E8EEAA8309}"
EndProject
Global
	GlobalSection(SolutionConfigurationPlatforms) = preSolution
		Debug|Any CPU = Debug|Any CPU
		Release|Any CPU = Release|Any CPU
	EndGlobalSection
	GlobalSection(ProjectConfigurationPlatforms) = postSolution
		{BEB6B011-BF0D-4AEF-BE88-F643165FA513}.Debug|Any CPU.ActiveCfg = Debug|Any CPU
		{BEB6B011-BF0D-4AEF-BE88-F643165FA513}.Debug|Any CPU.Build.0 = Debug|Any CPU
		{BEB6B011-BF0D-4AEF-BE88-F643165FA513}.Release|Any CPU.ActiveCfg = Release|Any CPU
		{BEB6B011-BF0D-4AEF-BE88-F643165FA513}.Release|Any CPU.Build.0 = Release|Any CPU
		{904EA806-3E53-4497-BFA2-CBE6FA445D92}.Debug|Any CPU.ActiveCfg = Debug|Any CPU
		{904EA806-3E53-4497-BFA2-CBE6FA445D92}.Debug|Any CPU.Build.0 = Debug|Any CPU
		{904EA806-3E53-4497-BFA2-CBE6FA445D92}.Release|Any CPU.ActiveCfg = Release|Any CPU
		{904EA806-3E53-4497-BFA2-CBE6FA445D92}.Release|Any CPU.Build.0 = Release|Any CPU
		{C8F94466-DAFE-4853-A2B1-0FD8DFE71E8E}.Debug|Any CPU.ActiveCfg = Debug|Any CPU
		{C8F94466-DAFE-4853-A2B1-0FD8DFE71E8E}.Debug|Any CPU.Build.0 = Debug|Any CPU
		{C8F94466-DAFE-4853-A2B1-0FD8DFE71E8E}.Release|Any CPU.ActiveCfg = Release|Any CPU
		{C8F94466-DAFE-4853-A2B1-0FD8DFE71E8E}.Release|Any CPU.Build.0 = Release|Any CPU
		{491BE6E8-C4E2-4AC1-8E78-9F2A81DBB199}.Debug|Any CPU.ActiveCfg = Debug|Any CPU
		{491BE6E8-C4E2-4AC1-8E78-9F2A81DBB199}.Debug|Any CPU.Build.0 = Debug|Any CPU
		{491BE6E8-C4E2-4AC1-8E78-9F2A81DBB199}.Release|Any CPU.ActiveCfg = Release|Any CPU
		{491BE6E8-C4E2-4AC1-8E78-9F2A81DBB199}.Release|Any CPU.Build.0 = Release|Any CPU
		{E8222553-2B77-40FC-813B-6DDCE313D30E}.Debug|Any CPU.ActiveCfg = Debug|Any CPU
		{E8222553-2B77-40FC-813B-6DDCE313D30E}.Debug|Any CPU.Build.0 = Debug|Any CPU
		{E8222553-2B77-40FC-813B-6DDCE313D30E}.Release|Any CPU.ActiveCfg = Release|Any CPU
		{E8222553-2B77-40FC-813B-6DDCE313D30E}.Release|Any CPU.Build.0 = Release|Any CPU
		{63847871-1E55-4EF4-B815-47791F3E0D24}.Debug|Any CPU.ActiveCfg = Debug|Any CPU
		{63847871-1E55-4EF4-B815-47791F3E0D24}.Debug|Any CPU.Build.0 = Debug|Any CPU
		{63847871-1E55-4EF4-B815-47791F3E0D24}.Release|Any CPU.ActiveCfg = Release|Any CPU
		{63847871-1E55-4EF4-B815-47791F3E0D24}.Release|Any CPU.Build.0 = Release|Any CPU
		{5E9F5F15-277C-4D71-9FE8-9D2E9B3B80F1}.Debug|Any CPU.ActiveCfg = Debug|Any CPU
		{5E9F5F15-277C-4D71-9FE8-9D2E9B3B80F1}.Debug|Any CPU.Build.0 = Debug|Any CPU
		{5E9F5F15-277C-4D71-9FE8-9D2E9B3B80F1}.Release|Any CPU.ActiveCfg = Release|Any CPU
		{5E9F5F15-277C-4D71-9FE8-9D2E9B3B80F1}.Release|Any CPU.Build.0 = Release|Any CPU
		{3091B3CA-893B-472A-828E-B4587F742BD9}.Debug|Any CPU.ActiveCfg = Debug|Any CPU
		{3091B3CA-893B-472A-828E-B4587F742BD9}.Debug|Any CPU.Build.0 = Debug|Any CPU
		{3091B3CA-893B-472A-828E-B4587F742BD9}.Release|Any CPU.ActiveCfg = Release|Any CPU
		{3091B3CA-893B-472A-828E-B4587F742BD9}.Release|Any CPU.Build.0 = Release|Any CPU
		{3504970A-2B22-42B5-8822-3DDCE8D1585A}.Debug|Any CPU.ActiveCfg = Debug|Any CPU
		{3504970A-2B22-42B5-8822-3DDCE8D1585A}.Debug|Any CPU.Build.0 = Debug|Any CPU
		{3504970A-2B22-42B5-8822-3DDCE8D1585A}.Release|Any CPU.ActiveCfg = Release|Any CPU
		{3504970A-2B22-42B5-8822-3DDCE8D1585A}.Release|Any CPU.Build.0 = Release|Any CPU
		{FB7C496B-5F1B-46E2-ADEB-B2CEA2D4CB88}.Debug|Any CPU.ActiveCfg = Debug|Any CPU
		{FB7C496B-5F1B-46E2-ADEB-B2CEA2D4CB88}.Debug|Any CPU.Build.0 = Debug|Any CPU
		{FB7C496B-5F1B-46E2-ADEB-B2CEA2D4CB88}.Release|Any CPU.ActiveCfg = Release|Any CPU
		{FB7C496B-5F1B-46E2-ADEB-B2CEA2D4CB88}.Release|Any CPU.Build.0 = Release|Any CPU
		{6807C5EB-B95D-4C2A-B559-FE7E7CAFCA7F}.Debug|Any CPU.ActiveCfg = Debug|Any CPU
		{6807C5EB-B95D-4C2A-B559-FE7E7CAFCA7F}.Debug|Any CPU.Build.0 = Debug|Any CPU
		{6807C5EB-B95D-4C2A-B559-FE7E7CAFCA7F}.Release|Any CPU.ActiveCfg = Release|Any CPU
		{6807C5EB-B95D-4C2A-B559-FE7E7CAFCA7F}.Release|Any CPU.Build.0 = Release|Any CPU
		{BA663454-F71D-4EE7-97E3-D28034AAF7F1}.Debug|Any CPU.ActiveCfg = Debug|Any CPU
		{BA663454-F71D-4EE7-97E3-D28034AAF7F1}.Debug|Any CPU.Build.0 = Debug|Any CPU
		{BA663454-F71D-4EE7-97E3-D28034AAF7F1}.Release|Any CPU.ActiveCfg = Release|Any CPU
		{BA663454-F71D-4EE7-97E3-D28034AAF7F1}.Release|Any CPU.Build.0 = Release|Any CPU
		{13EF9FA2-0ACB-42B6-8018-A1D7BBC3E2EA}.Debug|Any CPU.ActiveCfg = Debug|Any CPU
		{13EF9FA2-0ACB-42B6-8018-A1D7BBC3E2EA}.Debug|Any CPU.Build.0 = Debug|Any CPU
		{13EF9FA2-0ACB-42B6-8018-A1D7BBC3E2EA}.Release|Any CPU.ActiveCfg = Release|Any CPU
		{13EF9FA2-0ACB-42B6-8018-A1D7BBC3E2EA}.Release|Any CPU.Build.0 = Release|Any CPU
		{C198E7A5-15D6-46F0-ABE9-49F356639924}.Debug|Any CPU.ActiveCfg = Debug|Any CPU
		{C198E7A5-15D6-46F0-ABE9-49F356639924}.Debug|Any CPU.Build.0 = Debug|Any CPU
		{C198E7A5-15D6-46F0-ABE9-49F356639924}.Release|Any CPU.ActiveCfg = Release|Any CPU
		{C198E7A5-15D6-46F0-ABE9-49F356639924}.Release|Any CPU.Build.0 = Release|Any CPU
		{6A5CEE79-6BA8-4CBA-A59B-36CE94A345C6}.Debug|Any CPU.ActiveCfg = Debug|Any CPU
		{6A5CEE79-6BA8-4CBA-A59B-36CE94A345C6}.Debug|Any CPU.Build.0 = Debug|Any CPU
		{6A5CEE79-6BA8-4CBA-A59B-36CE94A345C6}.Release|Any CPU.ActiveCfg = Release|Any CPU
		{6A5CEE79-6BA8-4CBA-A59B-36CE94A345C6}.Release|Any CPU.Build.0 = Release|Any CPU
		{7169B01D-B823-4471-8622-6E045F944191}.Debug|Any CPU.ActiveCfg = Debug|Any CPU
		{7169B01D-B823-4471-8622-6E045F944191}.Debug|Any CPU.Build.0 = Debug|Any CPU
		{7169B01D-B823-4471-8622-6E045F944191}.Release|Any CPU.ActiveCfg = Release|Any CPU
		{7169B01D-B823-4471-8622-6E045F944191}.Release|Any CPU.Build.0 = Release|Any CPU
		{400CB43C-5FBF-43B9-AF02-BD9641D37985}.Debug|Any CPU.ActiveCfg = Debug|Any CPU
		{400CB43C-5FBF-43B9-AF02-BD9641D37985}.Debug|Any CPU.Build.0 = Debug|Any CPU
		{400CB43C-5FBF-43B9-AF02-BD9641D37985}.Release|Any CPU.ActiveCfg = Release|Any CPU
		{400CB43C-5FBF-43B9-AF02-BD9641D37985}.Release|Any CPU.Build.0 = Release|Any CPU
		{E5527BD9-7DB6-437D-A7C2-7AF1671959A1}.Debug|Any CPU.ActiveCfg = Debug|Any CPU
		{E5527BD9-7DB6-437D-A7C2-7AF1671959A1}.Debug|Any CPU.Build.0 = Debug|Any CPU
		{E5527BD9-7DB6-437D-A7C2-7AF1671959A1}.Release|Any CPU.ActiveCfg = Release|Any CPU
		{E5527BD9-7DB6-437D-A7C2-7AF1671959A1}.Release|Any CPU.Build.0 = Release|Any CPU
		{1EB67B20-6707-4929-B1F1-C09AF7C15E9B}.Debug|Any CPU.ActiveCfg = Debug|Any CPU
		{1EB67B20-6707-4929-B1F1-C09AF7C15E9B}.Debug|Any CPU.Build.0 = Debug|Any CPU
		{1EB67B20-6707-4929-B1F1-C09AF7C15E9B}.Release|Any CPU.ActiveCfg = Release|Any CPU
		{1EB67B20-6707-4929-B1F1-C09AF7C15E9B}.Release|Any CPU.Build.0 = Release|Any CPU
		{5CC962FC-47AE-484B-9657-5D81B7320F2B}.Debug|Any CPU.ActiveCfg = Debug|Any CPU
		{5CC962FC-47AE-484B-9657-5D81B7320F2B}.Debug|Any CPU.Build.0 = Debug|Any CPU
		{5CC962FC-47AE-484B-9657-5D81B7320F2B}.Release|Any CPU.ActiveCfg = Release|Any CPU
		{5CC962FC-47AE-484B-9657-5D81B7320F2B}.Release|Any CPU.Build.0 = Release|Any CPU
		{10704490-E0FA-4686-8B94-9EEB70927AEB}.Debug|Any CPU.ActiveCfg = Debug|Any CPU
		{10704490-E0FA-4686-8B94-9EEB70927AEB}.Debug|Any CPU.Build.0 = Debug|Any CPU
		{10704490-E0FA-4686-8B94-9EEB70927AEB}.Release|Any CPU.ActiveCfg = Release|Any CPU
		{10704490-E0FA-4686-8B94-9EEB70927AEB}.Release|Any CPU.Build.0 = Release|Any CPU
		{B06A582E-5532-4E9C-95B7-928348F2D092}.Debug|Any CPU.ActiveCfg = Debug|Any CPU
		{B06A582E-5532-4E9C-95B7-928348F2D092}.Debug|Any CPU.Build.0 = Debug|Any CPU
		{B06A582E-5532-4E9C-95B7-928348F2D092}.Release|Any CPU.ActiveCfg = Release|Any CPU
		{B06A582E-5532-4E9C-95B7-928348F2D092}.Release|Any CPU.Build.0 = Release|Any CPU
		{19FCEE23-2EC8-4590-9372-C6A4E104BD3C}.Debug|Any CPU.ActiveCfg = Debug|Any CPU
		{19FCEE23-2EC8-4590-9372-C6A4E104BD3C}.Debug|Any CPU.Build.0 = Debug|Any CPU
		{19FCEE23-2EC8-4590-9372-C6A4E104BD3C}.Release|Any CPU.ActiveCfg = Release|Any CPU
		{19FCEE23-2EC8-4590-9372-C6A4E104BD3C}.Release|Any CPU.Build.0 = Release|Any CPU
		{07F85DA3-C8A5-49FD-A3C9-4D9FFD14EAB5}.Debug|Any CPU.ActiveCfg = Debug|Any CPU
		{07F85DA3-C8A5-49FD-A3C9-4D9FFD14EAB5}.Debug|Any CPU.Build.0 = Debug|Any CPU
		{07F85DA3-C8A5-49FD-A3C9-4D9FFD14EAB5}.Release|Any CPU.ActiveCfg = Release|Any CPU
		{07F85DA3-C8A5-49FD-A3C9-4D9FFD14EAB5}.Release|Any CPU.Build.0 = Release|Any CPU
		{0D741940-2D7E-48F4-864A-6CFEF0780CE9}.Debug|Any CPU.ActiveCfg = Debug|Any CPU
		{0D741940-2D7E-48F4-864A-6CFEF0780CE9}.Debug|Any CPU.Build.0 = Debug|Any CPU
		{0D741940-2D7E-48F4-864A-6CFEF0780CE9}.Release|Any CPU.ActiveCfg = Release|Any CPU
		{0D741940-2D7E-48F4-864A-6CFEF0780CE9}.Release|Any CPU.Build.0 = Release|Any CPU
		{9F9A3D75-61E4-41EE-ADE8-54213B04BECF}.Debug|Any CPU.ActiveCfg = Debug|Any CPU
		{9F9A3D75-61E4-41EE-ADE8-54213B04BECF}.Debug|Any CPU.Build.0 = Debug|Any CPU
		{9F9A3D75-61E4-41EE-ADE8-54213B04BECF}.Release|Any CPU.ActiveCfg = Release|Any CPU
		{9F9A3D75-61E4-41EE-ADE8-54213B04BECF}.Release|Any CPU.Build.0 = Release|Any CPU
		{FD0344CA-DCD1-4A0C-BDB0-F2E9218D40C2}.Debug|Any CPU.ActiveCfg = Debug|Any CPU
		{FD0344CA-DCD1-4A0C-BDB0-F2E9218D40C2}.Debug|Any CPU.Build.0 = Debug|Any CPU
		{FD0344CA-DCD1-4A0C-BDB0-F2E9218D40C2}.Release|Any CPU.ActiveCfg = Release|Any CPU
		{FD0344CA-DCD1-4A0C-BDB0-F2E9218D40C2}.Release|Any CPU.Build.0 = Release|Any CPU
		{27198DB7-C25E-482C-98B1-8F5544084116}.Debug|Any CPU.ActiveCfg = Debug|Any CPU
		{27198DB7-C25E-482C-98B1-8F5544084116}.Debug|Any CPU.Build.0 = Debug|Any CPU
		{27198DB7-C25E-482C-98B1-8F5544084116}.Release|Any CPU.ActiveCfg = Release|Any CPU
		{27198DB7-C25E-482C-98B1-8F5544084116}.Release|Any CPU.Build.0 = Release|Any CPU
		{110685F1-BC49-465A-A5BD-EA905F73AA50}.Debug|Any CPU.ActiveCfg = Debug|Any CPU
		{110685F1-BC49-465A-A5BD-EA905F73AA50}.Debug|Any CPU.Build.0 = Debug|Any CPU
		{110685F1-BC49-465A-A5BD-EA905F73AA50}.Release|Any CPU.ActiveCfg = Release|Any CPU
		{110685F1-BC49-465A-A5BD-EA905F73AA50}.Release|Any CPU.Build.0 = Release|Any CPU
		{E3A1F590-4168-4E33-9CB5-0C5A3860696E}.Debug|Any CPU.ActiveCfg = Debug|Any CPU
		{E3A1F590-4168-4E33-9CB5-0C5A3860696E}.Debug|Any CPU.Build.0 = Debug|Any CPU
		{E3A1F590-4168-4E33-9CB5-0C5A3860696E}.Release|Any CPU.ActiveCfg = Release|Any CPU
		{E3A1F590-4168-4E33-9CB5-0C5A3860696E}.Release|Any CPU.Build.0 = Release|Any CPU
		{16FF64DF-9740-4A8D-A075-35E9001A4D57}.Debug|Any CPU.ActiveCfg = Debug|Any CPU
		{16FF64DF-9740-4A8D-A075-35E9001A4D57}.Debug|Any CPU.Build.0 = Debug|Any CPU
		{16FF64DF-9740-4A8D-A075-35E9001A4D57}.Release|Any CPU.ActiveCfg = Release|Any CPU
		{16FF64DF-9740-4A8D-A075-35E9001A4D57}.Release|Any CPU.Build.0 = Release|Any CPU
		{74923934-AB44-477B-AC6C-43267C97D2CF}.Debug|Any CPU.ActiveCfg = Debug|Any CPU
		{74923934-AB44-477B-AC6C-43267C97D2CF}.Debug|Any CPU.Build.0 = Debug|Any CPU
		{74923934-AB44-477B-AC6C-43267C97D2CF}.Release|Any CPU.ActiveCfg = Release|Any CPU
		{74923934-AB44-477B-AC6C-43267C97D2CF}.Release|Any CPU.Build.0 = Release|Any CPU
		{6D5EF9C4-600D-4ACA-8E22-CEB386741EAF}.Debug|Any CPU.ActiveCfg = Debug|Any CPU
		{6D5EF9C4-600D-4ACA-8E22-CEB386741EAF}.Debug|Any CPU.Build.0 = Debug|Any CPU
		{6D5EF9C4-600D-4ACA-8E22-CEB386741EAF}.Release|Any CPU.ActiveCfg = Release|Any CPU
		{6D5EF9C4-600D-4ACA-8E22-CEB386741EAF}.Release|Any CPU.Build.0 = Release|Any CPU
		{7809A8B7-8806-49E6-8219-0F4A6047E57F}.Debug|Any CPU.ActiveCfg = Debug|Any CPU
		{7809A8B7-8806-49E6-8219-0F4A6047E57F}.Debug|Any CPU.Build.0 = Debug|Any CPU
		{7809A8B7-8806-49E6-8219-0F4A6047E57F}.Release|Any CPU.ActiveCfg = Release|Any CPU
		{7809A8B7-8806-49E6-8219-0F4A6047E57F}.Release|Any CPU.Build.0 = Release|Any CPU
		{36D205E4-ABA8-453C-92EE-DA64283EAF89}.Debug|Any CPU.ActiveCfg = Debug|Any CPU
		{36D205E4-ABA8-453C-92EE-DA64283EAF89}.Debug|Any CPU.Build.0 = Debug|Any CPU
		{36D205E4-ABA8-453C-92EE-DA64283EAF89}.Release|Any CPU.ActiveCfg = Release|Any CPU
		{36D205E4-ABA8-453C-92EE-DA64283EAF89}.Release|Any CPU.Build.0 = Release|Any CPU
		{617C4964-8B69-4CE1-A34A-48532C5D927F}.Debug|Any CPU.ActiveCfg = Debug|Any CPU
		{617C4964-8B69-4CE1-A34A-48532C5D927F}.Debug|Any CPU.Build.0 = Debug|Any CPU
		{617C4964-8B69-4CE1-A34A-48532C5D927F}.Release|Any CPU.ActiveCfg = Release|Any CPU
		{617C4964-8B69-4CE1-A34A-48532C5D927F}.Release|Any CPU.Build.0 = Release|Any CPU
		{F8F898C0-7BF6-4172-8DBC-6FC8EAD80EA2}.Debug|Any CPU.ActiveCfg = Debug|Any CPU
		{F8F898C0-7BF6-4172-8DBC-6FC8EAD80EA2}.Debug|Any CPU.Build.0 = Debug|Any CPU
		{F8F898C0-7BF6-4172-8DBC-6FC8EAD80EA2}.Release|Any CPU.ActiveCfg = Release|Any CPU
		{F8F898C0-7BF6-4172-8DBC-6FC8EAD80EA2}.Release|Any CPU.Build.0 = Release|Any CPU
		{CD5E37B6-3286-4239-8221-E326406AC858}.Debug|Any CPU.ActiveCfg = Debug|Any CPU
		{CD5E37B6-3286-4239-8221-E326406AC858}.Debug|Any CPU.Build.0 = Debug|Any CPU
		{CD5E37B6-3286-4239-8221-E326406AC858}.Release|Any CPU.ActiveCfg = Release|Any CPU
		{CD5E37B6-3286-4239-8221-E326406AC858}.Release|Any CPU.Build.0 = Release|Any CPU
		{1E6814FA-0326-47CE-BE72-D834EF37EC6B}.Debug|Any CPU.ActiveCfg = Debug|Any CPU
		{1E6814FA-0326-47CE-BE72-D834EF37EC6B}.Debug|Any CPU.Build.0 = Debug|Any CPU
		{1E6814FA-0326-47CE-BE72-D834EF37EC6B}.Release|Any CPU.ActiveCfg = Release|Any CPU
		{1E6814FA-0326-47CE-BE72-D834EF37EC6B}.Release|Any CPU.Build.0 = Release|Any CPU
		{4A84BC4C-EDC2-4C71-9479-E1E8EEAA8309}.Debug|Any CPU.ActiveCfg = Debug|Any CPU
		{4A84BC4C-EDC2-4C71-9479-E1E8EEAA8309}.Debug|Any CPU.Build.0 = Debug|Any CPU
		{4A84BC4C-EDC2-4C71-9479-E1E8EEAA8309}.Release|Any CPU.ActiveCfg = Release|Any CPU
		{4A84BC4C-EDC2-4C71-9479-E1E8EEAA8309}.Release|Any CPU.Build.0 = Release|Any CPU
	EndGlobalSection
	GlobalSection(SolutionProperties) = preSolution
		HideSolutionNode = FALSE
	EndGlobalSection
	GlobalSection(NestedProjects) = preSolution
		{1C684D4C-CAE5-4A64-B9FB-06B013CC3F71} = {AE01BE29-F7F8-437B-9F03-1A1079C9F128}
		{CD82D1C2-7F54-46BB-AE77-4B5AAEE3923F} = {EF41CFC5-5AE7-4A12-B376-13BE78F40697}
		{BEB6B011-BF0D-4AEF-BE88-F643165FA513} = {CD82D1C2-7F54-46BB-AE77-4B5AAEE3923F}
		{904EA806-3E53-4497-BFA2-CBE6FA445D92} = {CD82D1C2-7F54-46BB-AE77-4B5AAEE3923F}
		{56CCFA5C-A693-4FF6-A7C4-4989D14315EC} = {AE01BE29-F7F8-437B-9F03-1A1079C9F128}
		{C8F94466-DAFE-4853-A2B1-0FD8DFE71E8E} = {56CCFA5C-A693-4FF6-A7C4-4989D14315EC}
		{491BE6E8-C4E2-4AC1-8E78-9F2A81DBB199} = {56CCFA5C-A693-4FF6-A7C4-4989D14315EC}
		{E8222553-2B77-40FC-813B-6DDCE313D30E} = {56CCFA5C-A693-4FF6-A7C4-4989D14315EC}
		{EE3F45E3-828F-4BE8-B7FD-9DE05F0FF09C} = {56CCFA5C-A693-4FF6-A7C4-4989D14315EC}
		{63847871-1E55-4EF4-B815-47791F3E0D24} = {EE3F45E3-828F-4BE8-B7FD-9DE05F0FF09C}
		{5E9F5F15-277C-4D71-9FE8-9D2E9B3B80F1} = {EE3F45E3-828F-4BE8-B7FD-9DE05F0FF09C}
		{3091B3CA-893B-472A-828E-B4587F742BD9} = {CD82D1C2-7F54-46BB-AE77-4B5AAEE3923F}
		{3504970A-2B22-42B5-8822-3DDCE8D1585A} = {56CCFA5C-A693-4FF6-A7C4-4989D14315EC}
		{FB7C496B-5F1B-46E2-ADEB-B2CEA2D4CB88} = {CD82D1C2-7F54-46BB-AE77-4B5AAEE3923F}
		{6807C5EB-B95D-4C2A-B559-FE7E7CAFCA7F} = {56CCFA5C-A693-4FF6-A7C4-4989D14315EC}
		{BA663454-F71D-4EE7-97E3-D28034AAF7F1} = {CD82D1C2-7F54-46BB-AE77-4B5AAEE3923F}
		{13EF9FA2-0ACB-42B6-8018-A1D7BBC3E2EA} = {CD82D1C2-7F54-46BB-AE77-4B5AAEE3923F}
		{1FB47A0B-C6E9-4F24-A28F-061A29DBA75F} = {56CCFA5C-A693-4FF6-A7C4-4989D14315EC}
		{C198E7A5-15D6-46F0-ABE9-49F356639924} = {1FB47A0B-C6E9-4F24-A28F-061A29DBA75F}
		{6A5CEE79-6BA8-4CBA-A59B-36CE94A345C6} = {1FB47A0B-C6E9-4F24-A28F-061A29DBA75F}
		{7169B01D-B823-4471-8622-6E045F944191} = {1FB47A0B-C6E9-4F24-A28F-061A29DBA75F}
		{400CB43C-5FBF-43B9-AF02-BD9641D37985} = {CD82D1C2-7F54-46BB-AE77-4B5AAEE3923F}
		{D74DA034-4424-4B6D-AD9D-1FAAAD2F1540} = {AE01BE29-F7F8-437B-9F03-1A1079C9F128}
		{7C0AA8DA-B5CD-4DFB-9DF1-A31EDBD3A047} = {D74DA034-4424-4B6D-AD9D-1FAAAD2F1540}
		{E5527BD9-7DB6-437D-A7C2-7AF1671959A1} = {7C0AA8DA-B5CD-4DFB-9DF1-A31EDBD3A047}
		{1EB67B20-6707-4929-B1F1-C09AF7C15E9B} = {7C0AA8DA-B5CD-4DFB-9DF1-A31EDBD3A047}
		{5CC962FC-47AE-484B-9657-5D81B7320F2B} = {7C0AA8DA-B5CD-4DFB-9DF1-A31EDBD3A047}
		{10704490-E0FA-4686-8B94-9EEB70927AEB} = {7C0AA8DA-B5CD-4DFB-9DF1-A31EDBD3A047}
		{B06A582E-5532-4E9C-95B7-928348F2D092} = {CD82D1C2-7F54-46BB-AE77-4B5AAEE3923F}
		{19FCEE23-2EC8-4590-9372-C6A4E104BD3C} = {CD82D1C2-7F54-46BB-AE77-4B5AAEE3923F}
		{07F85DA3-C8A5-49FD-A3C9-4D9FFD14EAB5} = {D74DA034-4424-4B6D-AD9D-1FAAAD2F1540}
		{0D741940-2D7E-48F4-864A-6CFEF0780CE9} = {CD82D1C2-7F54-46BB-AE77-4B5AAEE3923F}
		{9F9A3D75-61E4-41EE-ADE8-54213B04BECF} = {CD82D1C2-7F54-46BB-AE77-4B5AAEE3923F}
		{FD0344CA-DCD1-4A0C-BDB0-F2E9218D40C2} = {CD82D1C2-7F54-46BB-AE77-4B5AAEE3923F}
		{27198DB7-C25E-482C-98B1-8F5544084116} = {D74DA034-4424-4B6D-AD9D-1FAAAD2F1540}
		{110685F1-BC49-465A-A5BD-EA905F73AA50} = {D74DA034-4424-4B6D-AD9D-1FAAAD2F1540}
		{05473A3D-0CC0-4E01-9B4D-0CD9F0A89F63} = {EF41CFC5-5AE7-4A12-B376-13BE78F40697}
		{E3A1F590-4168-4E33-9CB5-0C5A3860696E} = {05473A3D-0CC0-4E01-9B4D-0CD9F0A89F63}
		{16FF64DF-9740-4A8D-A075-35E9001A4D57} = {05473A3D-0CC0-4E01-9B4D-0CD9F0A89F63}
		{74923934-AB44-477B-AC6C-43267C97D2CF} = {D74DA034-4424-4B6D-AD9D-1FAAAD2F1540}
		{6D5EF9C4-600D-4ACA-8E22-CEB386741EAF} = {D74DA034-4424-4B6D-AD9D-1FAAAD2F1540}
		{7809A8B7-8806-49E6-8219-0F4A6047E57F} = {05473A3D-0CC0-4E01-9B4D-0CD9F0A89F63}
		{36D205E4-ABA8-453C-92EE-DA64283EAF89} = {D74DA034-4424-4B6D-AD9D-1FAAAD2F1540}
		{617C4964-8B69-4CE1-A34A-48532C5D927F} = {05473A3D-0CC0-4E01-9B4D-0CD9F0A89F63}
		{F8F898C0-7BF6-4172-8DBC-6FC8EAD80EA2} = {05473A3D-0CC0-4E01-9B4D-0CD9F0A89F63}
		{CD5E37B6-3286-4239-8221-E326406AC858} = {D74DA034-4424-4B6D-AD9D-1FAAAD2F1540}
		{1E6814FA-0326-47CE-BE72-D834EF37EC6B} = {05473A3D-0CC0-4E01-9B4D-0CD9F0A89F63}
		{4A84BC4C-EDC2-4C71-9479-E1E8EEAA8309} = {D74DA034-4424-4B6D-AD9D-1FAAAD2F1540}
	EndGlobalSection
	GlobalSection(ExtensibilityGlobals) = postSolution
		SolutionGuid = {15A670E3-D554-4E35-B725-E502ADC40A99}
	EndGlobalSection
EndGlobal
