
Microsoft Visual Studio Solution File, Format Version 12.00
# Visual Studio Version 17
VisualStudioVersion = 17.12.35707.178 d17.12
MinimumVisualStudioVersion = 10.0.40219.1
Project("{FAE04EC0-301F-11D3-BF4B-00C04F79EFBC}") = "client", "client\client.csproj", "{88E3635C-3442-426F-8D64-0F86B48E076C}"
EndProject
Project("{FAE04EC0-301F-11D3-BF4B-00C04F79EFBC}") = "api", "api\api.csproj", "{A70FC27E-E8F6-4C9F-A42C-B3D6502F7ACC}"
EndProject
Global
	GlobalSection(SolutionConfigurationPlatforms) = preSolution
		Debug|Any CPU = Debug|Any CPU
		Release|Any CPU = Release|Any CPU
	EndGlobalSection
	GlobalSection(ProjectConfigurationPlatforms) = postSolution
		{88E3635C-3442-426F-8D64-0F86B48E076C}.Debug|Any CPU.ActiveCfg = Debug|Any CPU
		{88E3635C-3442-426F-8D64-0F86B48E076C}.Debug|Any CPU.Build.0 = Debug|Any CPU
		{88E3635C-3442-426F-8D64-0F86B48E076C}.Release|Any CPU.ActiveCfg = Release|Any CPU
		{88E3635C-3442-426F-8D64-0F86B48E076C}.Release|Any CPU.Build.0 = Release|Any CPU
		{A70FC27E-E8F6-4C9F-A42C-B3D6502F7ACC}.Debug|Any CPU.ActiveCfg = Debug|Any CPU
		{A70FC27E-E8F6-4C9F-A42C-B3D6502F7ACC}.Debug|Any CPU.Build.0 = Debug|Any CPU
		{A70FC27E-E8F6-4C9F-A42C-B3D6502F7ACC}.Release|Any CPU.ActiveCfg = Release|Any CPU
		{A70FC27E-E8F6-4C9F-A42C-B3D6502F7ACC}.Release|Any CPU.Build.0 = Release|Any CPU
	EndGlobalSection
	GlobalSection(SolutionProperties) = preSolution
		HideSolutionNode = FALSE
	EndGlobalSection
EndGlobal
