
Microsoft Visual Studio Solution File, Format Version 12.00
# Visual Studio Version 17
VisualStudioVersion = 17.0.31903.59
MinimumVisualStudioVersion = 10.0.40219.1
Project("{2150E333-8FDC-42A3-9474-1A3956D46DE8}") = "com", "com", "{CAB9F54C-44E4-4A92-B848-3A1E3FA3002F}"
EndProject
Project("{FAE04EC0-301F-11D3-BF4B-00C04F79EFBC}") = "SqliteDB", "com\SqliteDB\SqliteDB.csproj", "{A2BC6F61-B29E-4EE3-B7FB-4B088181D346}"
EndProject
Project("{FAE04EC0-301F-11D3-BF4B-00C04F79EFBC}") = "client", "client\client.csproj", "{53489CD1-8C82-47AF-A47D-FF70513225E6}"
EndProject
Global
	GlobalSection(SolutionConfigurationPlatforms) = preSolution
		Debug|Any CPU = Debug|Any CPU
		Release|Any CPU = Release|Any CPU
	EndGlobalSection
	GlobalSection(ProjectConfigurationPlatforms) = postSolution
		{A2BC6F61-B29E-4EE3-B7FB-4B088181D346}.Debug|Any CPU.ActiveCfg = Debug|Any CPU
		{A2BC6F61-B29E-4EE3-B7FB-4B088181D346}.Debug|Any CPU.Build.0 = Debug|Any CPU
		{A2BC6F61-B29E-4EE3-B7FB-4B088181D346}.Release|Any CPU.ActiveCfg = Release|Any CPU
		{A2BC6F61-B29E-4EE3-B7FB-4B088181D346}.Release|Any CPU.Build.0 = Release|Any CPU
		{53489CD1-8C82-47AF-A47D-FF70513225E6}.Debug|Any CPU.ActiveCfg = Debug|Any CPU
		{53489CD1-8C82-47AF-A47D-FF70513225E6}.Debug|Any CPU.Build.0 = Debug|Any CPU
		{53489CD1-8C82-47AF-A47D-FF70513225E6}.Release|Any CPU.ActiveCfg = Release|Any CPU
		{53489CD1-8C82-47AF-A47D-FF70513225E6}.Release|Any CPU.Build.0 = Release|Any CPU
	EndGlobalSection
	GlobalSection(SolutionProperties) = preSolution
		HideSolutionNode = FALSE
	EndGlobalSection
	GlobalSection(NestedProjects) = preSolution
		{A2BC6F61-B29E-4EE3-B7FB-4B088181D346} = {CAB9F54C-44E4-4A92-B848-3A1E3FA3002F}
	EndGlobalSection
EndGlobal
