
Microsoft Visual Studio Solution File, Format Version 12.00
# Visual Studio Version 17
VisualStudioVersion = 17.12.35707.178 d17.12
MinimumVisualStudioVersion = 10.0.40219.1
Project("{FAE04EC0-301F-11D3-BF4B-00C04F79EFBC}") = "server", "server\server.csproj", "{841A8258-7E95-4A30-A9D0-21B5003D8F97}"
EndProject
Project("{FAE04EC0-301F-11D3-BF4B-00C04F79EFBC}") = "client", "client\client.csproj", "{06F757E3-0842-4BA1-A6D1-03A37223D112}"
EndProject
Global
	GlobalSection(SolutionConfigurationPlatforms) = preSolution
		Debug|Any CPU = Debug|Any CPU
		Release|Any CPU = Release|Any CPU
	EndGlobalSection
	GlobalSection(ProjectConfigurationPlatforms) = postSolution
		{841A8258-7E95-4A30-A9D0-21B5003D8F97}.Debug|Any CPU.ActiveCfg = Debug|Any CPU
		{841A8258-7E95-4A30-A9D0-21B5003D8F97}.Debug|Any CPU.Build.0 = Debug|Any CPU
		{841A8258-7E95-4A30-A9D0-21B5003D8F97}.Release|Any CPU.ActiveCfg = Release|Any CPU
		{841A8258-7E95-4A30-A9D0-21B5003D8F97}.Release|Any CPU.Build.0 = Release|Any CPU
		{06F757E3-0842-4BA1-A6D1-03A37223D112}.Debug|Any CPU.ActiveCfg = Debug|Any CPU
		{06F757E3-0842-4BA1-A6D1-03A37223D112}.Debug|Any CPU.Build.0 = Debug|Any CPU
		{06F757E3-0842-4BA1-A6D1-03A37223D112}.Release|Any CPU.ActiveCfg = Release|Any CPU
		{06F757E3-0842-4BA1-A6D1-03A37223D112}.Release|Any CPU.Build.0 = Release|Any CPU
	EndGlobalSection
	GlobalSection(SolutionProperties) = preSolution
		HideSolutionNode = FALSE
	EndGlobalSection
EndGlobal
