
Microsoft Visual Studio Solution File, Format Version 12.00
# Visual Studio Version 17
VisualStudioVersion = 17.12.35707.178 d17.12
MinimumVisualStudioVersion = 10.0.40219.1
Project("{FAE04EC0-301F-11D3-BF4B-00C04F79EFBC}") = "chat-server", "chat-server\chat-server.csproj", "{A1DC340E-CB75-451A-B313-1E63A06937FC}"
EndProject
Project("{FAE04EC0-301F-11D3-BF4B-00C04F79EFBC}") = "chat-client", "chat-client\chat-client.csproj", "{10C374EB-6571-49DC-B710-6636AF3EB84A}"
EndProject
Global
	GlobalSection(SolutionConfigurationPlatforms) = preSolution
		Debug|Any CPU = Debug|Any CPU
		Release|Any CPU = Release|Any CPU
	EndGlobalSection
	GlobalSection(ProjectConfigurationPlatforms) = postSolution
		{A1DC340E-CB75-451A-B313-1E63A06937FC}.Debug|Any CPU.ActiveCfg = Debug|Any CPU
		{A1DC340E-CB75-451A-B313-1E63A06937FC}.Debug|Any CPU.Build.0 = Debug|Any CPU
		{A1DC340E-CB75-451A-B313-1E63A06937FC}.Release|Any CPU.ActiveCfg = Release|Any CPU
		{A1DC340E-CB75-451A-B313-1E63A06937FC}.Release|Any CPU.Build.0 = Release|Any CPU
		{10C374EB-6571-49DC-B710-6636AF3EB84A}.Debug|Any CPU.ActiveCfg = Debug|Any CPU
		{10C374EB-6571-49DC-B710-6636AF3EB84A}.Debug|Any CPU.Build.0 = Debug|Any CPU
		{10C374EB-6571-49DC-B710-6636AF3EB84A}.Release|Any CPU.ActiveCfg = Release|Any CPU
		{10C374EB-6571-49DC-B710-6636AF3EB84A}.Release|Any CPU.Build.0 = Release|Any CPU
	EndGlobalSection
	GlobalSection(SolutionProperties) = preSolution
		HideSolutionNode = FALSE
	EndGlobalSection
EndGlobal
