
Microsoft Visual Studio Solution File, Format Version 12.00
# Visual Studio Version 17
VisualStudioVersion = 17.12.35707.178 d17.12
MinimumVisualStudioVersion = 10.0.40219.1
Project("{FAE04EC0-301F-11D3-BF4B-00C04F79EFBC}") = "server", "server\server.csproj", "{2BAE0F3F-FFD0-4FBA-B082-AED9EBE0B526}"
EndProject
Project("{FAE04EC0-301F-11D3-BF4B-00C04F79EFBC}") = "client", "client\client.csproj", "{D14E0DF5-1151-4754-A810-E8AE798703AB}"
EndProject
Global
	GlobalSection(SolutionConfigurationPlatforms) = preSolution
		Debug|Any CPU = Debug|Any CPU
		Release|Any CPU = Release|Any CPU
	EndGlobalSection
	GlobalSection(ProjectConfigurationPlatforms) = postSolution
		{2BAE0F3F-FFD0-4FBA-B082-AED9EBE0B526}.Debug|Any CPU.ActiveCfg = Debug|Any CPU
		{2BAE0F3F-FFD0-4FBA-B082-AED9EBE0B526}.Debug|Any CPU.Build.0 = Debug|Any CPU
		{2BAE0F3F-FFD0-4FBA-B082-AED9EBE0B526}.Release|Any CPU.ActiveCfg = Release|Any CPU
		{2BAE0F3F-FFD0-4FBA-B082-AED9EBE0B526}.Release|Any CPU.Build.0 = Release|Any CPU
		{D14E0DF5-1151-4754-A810-E8AE798703AB}.Debug|Any CPU.ActiveCfg = Debug|Any CPU
		{D14E0DF5-1151-4754-A810-E8AE798703AB}.Debug|Any CPU.Build.0 = Debug|Any CPU
		{D14E0DF5-1151-4754-A810-E8AE798703AB}.Release|Any CPU.ActiveCfg = Release|Any CPU
		{D14E0DF5-1151-4754-A810-E8AE798703AB}.Release|Any CPU.Build.0 = Release|Any CPU
	EndGlobalSection
	GlobalSection(SolutionProperties) = preSolution
		HideSolutionNode = FALSE
	EndGlobalSection
EndGlobal
